
Microsoft Visual Studio Solution File, Format Version 12.00
# Visual Studio Version 17
VisualStudioVersion = 17.11.35312.102
MinimumVisualStudioVersion = 10.0.40219.1
Project("{9A19103F-16F7-4668-BE54-9A1E7A4F7556}") = "RF5_FastMining", "RF5_FastMining.csproj", "{B86C7F49-BBC3-495D-8723-F3C6F1DEA349}"
EndProject
Global
	GlobalSection(SolutionConfigurationPlatforms) = preSolution
		Debug|Any CPU = Debug|Any CPU
		Release|Any CPU = Release|Any CPU
	EndGlobalSection
	GlobalSection(ProjectConfigurationPlatforms) = postSolution
		{B86C7F49-BBC3-495D-8723-F3C6F1DEA349}.Debug|Any CPU.ActiveCfg = Debug|Any CPU
		{B86C7F49-BBC3-495D-8723-F3C6F1DEA349}.Debug|Any CPU.Build.0 = Debug|Any CPU
		{B86C7F49-BBC3-495D-8723-F3C6F1DEA349}.Release|Any CPU.ActiveCfg = Release|Any CPU
		{B86C7F49-BBC3-495D-8723-F3C6F1DEA349}.Release|Any CPU.Build.0 = Release|Any CPU
	EndGlobalSection
	GlobalSection(SolutionProperties) = preSolution
		HideSolutionNode = FALSE
	EndGlobalSection
	GlobalSection(ExtensibilityGlobals) = postSolution
		SolutionGuid = {278CD01B-994D-48D8-B593-5332B7869D46}
	EndGlobalSection
EndGlobal
